
Microsoft Visual Studio Solution File, Format Version 12.00
# Visual Studio Version 16
VisualStudioVersion = 16.0.29123.88
MinimumVisualStudioVersion = 10.0.40219.1
Project("{888888A0-9F3D-457C-B088-3A5042F75D52}") = "motioncopy_wu", "motioncopy_wu.pyproj", "{E5D6FDF0-6550-4810-9755-1BC3AE7ED58D}"
EndProject
Global
	GlobalSection(SolutionConfigurationPlatforms) = preSolution
		Debug|Any CPU = Debug|Any CPU
		Release|Any CPU = Release|Any CPU
	EndGlobalSection
	GlobalSection(ProjectConfigurationPlatforms) = postSolution
		{E5D6FDF0-6550-4810-9755-1BC3AE7ED58D}.Debug|Any CPU.ActiveCfg = Debug|Any CPU
		{E5D6FDF0-6550-4810-9755-1BC3AE7ED58D}.Release|Any CPU.ActiveCfg = Release|Any CPU
	EndGlobalSection
	GlobalSection(SolutionProperties) = preSolution
		HideSolutionNode = FALSE
	EndGlobalSection
	GlobalSection(ExtensibilityGlobals) = postSolution
		SolutionGuid = {38385B31-C1D3-4434-AB28-436E4D318C58}
	EndGlobalSection
EndGlobal
